// !$*UTF8*$!
{
	archiveVersion = 1;
	classes = {
	};
	objectVersion = 46;
	objects = {

/* Begin PBXBuildFile section */
		B5264DCE1B92878600C3F68A /* AppDelegate.m in Sources */ = {isa = PBXBuildFile; fileRef = B5264DC31B92878600C3F68A /* AppDelegate.m */; };
		B5264DD11B92878600C3F68A /* Images.xcassets in Resources */ = {isa = PBXBuildFile; fileRef = B5264DC91B92878600C3F68A /* Images.xcassets */; };
		B5264DD21B92878600C3F68A /* Info.plist in Resources */ = {isa = PBXBuildFile; fileRef = B5264DCA1B92878600C3F68A /* Info.plist */; };
		B5264DD31B92878600C3F68A /* main.m in Sources */ = {isa = PBXBuildFile; fileRef = B5264DCB1B92878600C3F68A /* main.m */; };
		B5264DD41B92878600C3F68A /* ViewController.m in Sources */ = {isa = PBXBuildFile; fileRef = B5264DCD1B92878600C3F68A /* ViewController.m */; };
		B5264DE11B92883D00C3F68A /* LaunchScreen.xib in Resources */ = {isa = PBXBuildFile; fileRef = B5264DDD1B92883D00C3F68A /* LaunchScreen.xib */; };
		B5264DE21B92883D00C3F68A /* Main.storyboard in Resources */ = {isa = PBXBuildFile; fileRef = B5264DDF1B92883D00C3F68A /* Main.storyboard */; };
/* End PBXBuildFile section */

/* Begin PBXFileReference section */
		B5264DC21B92878600C3F68A /* AppDelegate.h */ = {isa = PBXFileReference; fileEncoding = 4; lastKnownFileType = sourcecode.c.h; name = AppDelegate.h; path = "Coding Golf/AppDelegate.h"; sourceTree = SOURCE_ROOT; };
		B5264DC31B92878600C3F68A /* AppDelegate.m */ = {isa = PBXFileReference; fileEncoding = 4; lastKnownFileType = sourcecode.c.objc; name = AppDelegate.m; path = "Coding Golf/AppDelegate.m"; sourceTree = SOURCE_ROOT; };
		B5264DC91B92878600C3F68A /* Images.xcassets */ = {isa = PBXFileReference; lastKnownFileType = folder.assetcatalog; name = Images.xcassets; path = "Coding Golf/Images.xcassets"; sourceTree = SOURCE_ROOT; };
		B5264DCA1B92878600C3F68A /* Info.plist */ = {isa = PBXFileReference; fileEncoding = 4; lastKnownFileType = text.plist.xml; name = Info.plist; path = "Coding Golf/Info.plist"; sourceTree = SOURCE_ROOT; };
		B5264DCB1B92878600C3F68A /* main.m */ = {isa = PBXFileReference; fileEncoding = 4; lastKnownFileType = sourcecode.c.objc; name = main.m; path = "Coding Golf/main.m"; sourceTree = SOURCE_ROOT; };
		B5264DCC1B92878600C3F68A /* ViewController.h */ = {isa = PBXFileReference; fileEncoding = 4; lastKnownFileType = sourcecode.c.h; name = ViewController.h; path = "Coding Golf/ViewController.h"; sourceTree = SOURCE_ROOT; };
		B5264DCD1B92878600C3F68A /* ViewController.m */ = {isa = PBXFileReference; fileEncoding = 4; lastKnownFileType = sourcecode.c.objc; name = ViewController.m; path = "Coding Golf/ViewController.m"; sourceTree = SOURCE_ROOT; };
		B5264DDE1B92883D00C3F68A /* Base */ = {isa = PBXFileReference; lastKnownFileType = file.xib; name = Base; path = "Coding Golf/Base.lproj/LaunchScreen.xib"; sourceTree = SOURCE_ROOT; };
		B5264DE01B92883D00C3F68A /* Base */ = {isa = PBXFileReference; lastKnownFileType = file.storyboard; name = Base; path = "Coding Golf/Base.lproj/Main.storyboard"; sourceTree = SOURCE_ROOT; };
		B598A7C61B91647B00EAA188 /* Coding Golf.app */ = {isa = PBXFileReference; explicitFileType = wrapper.application; includeInIndex = 0; path = "Coding Golf.app"; sourceTree = BUILT_PRODUCTS_DIR; };
/* End PBXFileReference section */

/* Begin PBXFrameworksBuildPhase section */
		B598A7C31B91647B00EAA188 /* Frameworks */ = {
			isa = PBXFrameworksBuildPhase;
			buildActionMask = 2147483647;
			files = (
			);
			runOnlyForDeploymentPostprocessing = 0;
		};
/* End PBXFrameworksBuildPhase section */

/* Begin PBXGroup section */
		B598A7BD1B91647B00EAA188 = {
			isa = PBXGroup;
			children = (
				B5264DC91B92878600C3F68A /* Images.xcassets */,
				B598A7C81B91647B00EAA188 /* Coding Golf */,
				B598A7C71B91647B00EAA188 /* Products */,
			);
			sourceTree = "<group>";
		};
		B598A7C71B91647B00EAA188 /* Products */ = {
			isa = PBXGroup;
			children = (
				B598A7C61B91647B00EAA188 /* Coding Golf.app */,
			);
			name = Products;
			sourceTree = "<group>";
		};
		B598A7C81B91647B00EAA188 /* Coding Golf */ = {
			isa = PBXGroup;
			children = (
				B5264DC21B92878600C3F68A /* AppDelegate.h */,
				B5264DC31B92878600C3F68A /* AppDelegate.m */,
				B5264DDD1B92883D00C3F68A /* LaunchScreen.xib */,
				B5264DDF1B92883D00C3F68A /* Main.storyboard */,
				B5264DCC1B92878600C3F68A /* ViewController.h */,
				B5264DCD1B92878600C3F68A /* ViewController.m */,
				B598A7C91B91647B00EAA188 /* Supporting Files */,
			);
			name = "Coding Golf";
			path = JimmyKit;
			sourceTree = "<group>";
		};
		B598A7C91B91647B00EAA188 /* Supporting Files */ = {
			isa = PBXGroup;
			children = (
				B5264DCA1B92878600C3F68A /* Info.plist */,
				B5264DCB1B92878600C3F68A /* main.m */,
			);
			name = "Supporting Files";
			sourceTree = "<group>";
		};
/* End PBXGroup section */

/* Begin PBXNativeTarget section */
		B598A7C51B91647B00EAA188 /* Coding Golf */ = {
			isa = PBXNativeTarget;
			buildConfigurationList = B598A7E91B91647B00EAA188 /* Build configuration list for PBXNativeTarget "Coding Golf" */;
			buildPhases = (
				B598A7C21B91647B00EAA188 /* Sources */,
				B598A7C31B91647B00EAA188 /* Frameworks */,
				B598A7C41B91647B00EAA188 /* Resources */,
			);
			buildRules = (
			);
			dependencies = (
			);
			name = "Coding Golf";
			productName = JimmyKit;
			productReference = B598A7C61B91647B00EAA188 /* Coding Golf.app */;
			productType = "com.apple.product-type.application";
		};
/* End PBXNativeTarget section */

/* Begin PBXProject section */
		B598A7BE1B91647B00EAA188 /* Project object */ = {
			isa = PBXProject;
			attributes = {
				LastUpgradeCheck = 0640;
				ORGANIZATIONNAME = ben;
				TargetAttributes = {
					B598A7C51B91647B00EAA188 = {
						CreatedOnToolsVersion = 6.4;
					};
				};
			};
			buildConfigurationList = B598A7C11B91647B00EAA188 /* Build configuration list for PBXProject "Coding Golf" */;
			compatibilityVersion = "Xcode 3.2";
			developmentRegion = English;
			hasScannedForEncodings = 0;
			knownRegions = (
				en,
				Base,
			);
			mainGroup = B598A7BD1B91647B00EAA188;
			productRefGroup = B598A7C71B91647B00EAA188 /* Products */;
			projectDirPath = "";
			projectRoot = "";
			targets = (
				B598A7C51B91647B00EAA188 /* Coding Golf */,
			);
		};
/* End PBXProject section */

/* Begin PBXResourcesBuildPhase section */
		B598A7C41B91647B00EAA188 /* Resources */ = {
			isa = PBXResourcesBuildPhase;
			buildActionMask = 2147483647;
			files = (
				B5264DE11B92883D00C3F68A /* LaunchScreen.xib in Resources */,
				B5264DE21B92883D00C3F68A /* Main.storyboard in Resources */,
				B5264DD11B92878600C3F68A /* Images.xcassets in Resources */,
				B5264DD21B92878600C3F68A /* Info.plist in Resources */,
			);
			runOnlyForDeploymentPostprocessing = 0;
		};
/* End PBXResourcesBuildPhase section */

/* Begin PBXSourcesBuildPhase section */
		B598A7C21B91647B00EAA188 /* Sources */ = {
			isa = PBXSourcesBuildPhase;
			buildActionMask = 2147483647;
			files = (
				B5264DD41B92878600C3F68A /* ViewController.m in Sources */,
				B5264DD31B92878600C3F68A /* main.m in Sources */,
				B5264DCE1B92878600C3F68A /* AppDelegate.m in Sources */,
			);
			runOnlyForDeploymentPostprocessing = 0;
		};
/* End PBXSourcesBuildPhase section */

/* Begin PBXVariantGroup section */
		B5264DDD1B92883D00C3F68A /* LaunchScreen.xib */ = {
			isa = PBXVariantGroup;
			children = (
				B5264DDE1B92883D00C3F68A /* Base */,
			);
			name = LaunchScreen.xib;
			sourceTree = "<group>";
		};
		B5264DDF1B92883D00C3F68A /* Main.storyboard */ = {
			isa = PBXVariantGroup;
			children = (
				B5264DE01B92883D00C3F68A /* Base */,
			);
			name = Main.storyboard;
			sourceTree = "<group>";
		};
/* End PBXVariantGroup section */

/* Begin XCBuildConfiguration section */
		B598A7E71B91647B00EAA188 /* Debug */ = {
			isa = XCBuildConfiguration;
			buildSettings = {
				ALWAYS_SEARCH_USER_PATHS = NO;
				CLANG_CXX_LANGUAGE_STANDARD = "gnu++0x";
				CLANG_CXX_LIBRARY = "libc++";
				CLANG_ENABLE_MODULES = YES;
				CLANG_ENABLE_OBJC_ARC = YES;
				CLANG_WARN_BOOL_CONVERSION = YES;
				CLANG_WARN_CONSTANT_CONVERSION = YES;
				CLANG_WARN_DIRECT_OBJC_ISA_USAGE = YES_ERROR;
				CLANG_WARN_EMPTY_BODY = YES;
				CLANG_WARN_ENUM_CONVERSION = YES;
				CLANG_WARN_INT_CONVERSION = YES;
				CLANG_WARN_OBJC_ROOT_CLASS = YES_ERROR;
				CLANG_WARN_UNREACHABLE_CODE = YES;
				CLANG_WARN__DUPLICATE_METHOD_MATCH = YES;
				"CODE_SIGN_IDENTITY[sdk=iphoneos*]" = "iPhone Developer";
				COPY_PHASE_STRIP = NO;
				DEBUG_INFORMATION_FORMAT = "dwarf-with-dsym";
				ENABLE_STRICT_OBJC_MSGSEND = YES;
				GCC_C_LANGUAGE_STANDARD = gnu99;
				GCC_DYNAMIC_NO_PIC = NO;
				GCC_NO_COMMON_BLOCKS = YES;
				GCC_OPTIMIZATION_LEVEL = 0;
				GCC_PREPROCESSOR_DEFINITIONS = (
					"DEBUG=1",
					"$(inherited)",
				);
				GCC_SYMBOLS_PRIVATE_EXTERN = NO;
				GCC_WARN_64_TO_32_BIT_CONVERSION = YES;
				GCC_WARN_ABOUT_RETURN_TYPE = YES_ERROR;
				GCC_WARN_UNDECLARED_SELECTOR = YES;
				GCC_WARN_UNINITIALIZED_AUTOS = YES_AGGRESSIVE;
				GCC_WARN_UNUSED_FUNCTION = YES;
				GCC_WARN_UNUSED_VARIABLE = YES;
				IPHONEOS_DEPLOYMENT_TARGET = 8.4;
				MTL_ENABLE_DEBUG_INFO = YES;
				ONLY_ACTIVE_ARCH = YES;
				SDKROOT = iphoneos;
			};
			name = Debug;
		};
		B598A7E81B91647B00EAA188 /* Release */ = {
			isa = XCBuildConfiguration;
			buildSettings = {
				ALWAYS_SEARCH_USER_PATHS = NO;
				CLANG_CXX_LANGUAGE_STANDARD = "gnu++0x";
				CLANG_CXX_LIBRARY = "libc++";
				CLANG_ENABLE_MODULES = YES;
				CLANG_ENABLE_OBJC_ARC = YES;
				CLANG_WARN_BOOL_CONVERSION = YES;
				CLANG_WARN_CONSTANT_CONVERSION = YES;
				CLANG_WARN_DIRECT_OBJC_ISA_USAGE = YES_ERROR;
				CLANG_WARN_EMPTY_BODY = YES;
				CLANG_WARN_ENUM_CONVERSION = YES;
				CLANG_WARN_INT_CONVERSION = YES;
				CLANG_WARN_OBJC_ROOT_CLASS = YES_ERROR;
				CLANG_WARN_UNREACHABLE_CODE = YES;
				CLANG_WARN__DUPLICATE_METHOD_MATCH = YES;
				"CODE_SIGN_IDENTITY[sdk=iphoneos*]" = "iPhone Developer";
				COPY_PHASE_STRIP = NO;
				DEBUG_INFORMATION_FORMAT = "dwarf-with-dsym";
				ENABLE_NS_ASSERTIONS = NO;
				ENABLE_STRICT_OBJC_MSGSEND = YES;
				GCC_C_LANGUAGE_STANDARD = gnu99;
				GCC_NO_COMMON_BLOCKS = YES;
				GCC_WARN_64_TO_32_BIT_CONVERSION = YES;
				GCC_WARN_ABOUT_RETURN_TYPE = YES_ERROR;
				GCC_WARN_UNDECLARED_SELECTOR = YES;
				GCC_WARN_UNINITIALIZED_AUTOS = YES_AGGRESSIVE;
				GCC_WARN_UNUSED_FUNCTION = YES;
				GCC_WARN_UNUSED_VARIABLE = YES;
				IPHONEOS_DEPLOYMENT_TARGET = 8.4;
				MTL_ENABLE_DEBUG_INFO = NO;
				SDKROOT = iphoneos;
				VALIDATE_PRODUCT = YES;
			};
			name = Release;
		};
		B598A7EA1B91647B00EAA188 /* Debug */ = {
			isa = XCBuildConfiguration;
			buildSettings = {
				ASSETCATALOG_COMPILER_APPICON_NAME = AppIcon;
				CODE_SIGN_IDENTITY = "iPhone Developer";
				INFOPLIST_FILE = "$(SRCROOT)/Coding Golf/Info.plist";
				LD_RUNPATH_SEARCH_PATHS = "$(inherited) @executable_path/Frameworks";
				PRODUCT_NAME = "Coding Golf";
			};
			name = Debug;
		};
		B598A7EB1B91647B00EAA188 /* Release */ = {
			isa = XCBuildConfiguration;
			buildSettings = {
				ASSETCATALOG_COMPILER_APPICON_NAME = AppIcon;
				CODE_SIGN_IDENTITY = "iPhone Developer";
				INFOPLIST_FILE = "$(SRCROOT)/Coding Golf/Info.plist";
				LD_RUNPATH_SEARCH_PATHS = "$(inherited) @executable_path/Frameworks";
				PRODUCT_NAME = "Coding Golf";
			};
			name = Release;
		};
/* End XCBuildConfiguration section */

/* Begin XCConfigurationList section */
		B598A7C11B91647B00EAA188 /* Build configuration list for PBXProject "Coding Golf" */ = {
			isa = XCConfigurationList;
			buildConfigurations = (
				B598A7E71B91647B00EAA188 /* Debug */,
				B598A7E81B91647B00EAA188 /* Release */,
			);
			defaultConfigurationIsVisible = 0;
			defaultConfigurationName = Release;
		};
		B598A7E91B91647B00EAA188 /* Build configuration list for PBXNativeTarget "Coding Golf" */ = {
			isa = XCConfigurationList;
			buildConfigurations = (
				B598A7EA1B91647B00EAA188 /* Debug */,
				B598A7EB1B91647B00EAA188 /* Release */,
			);
			defaultConfigurationIsVisible = 0;
			defaultConfigurationName = Release;
		};
/* End XCConfigurationList section */
	};
	rootObject = B598A7BE1B91647B00EAA188 /* Project object */;
}
